<?xml version="1.0" encoding="utf-8"?>
<Project ToolsVersion="4.0" xmlns="http://schemas.microsoft.com/developer/msbuild/2003">
  <ItemGroup>
    <ClInclude Include="Global.h" />
    <ClInclude Include="Game\Player.h">
      <Filter>Game</Filter>
    </ClInclude>
    <ClInclude Include="Game\Enemy.h">
      <Filter>Game</Filter>
    </ClInclude>
    <ClInclude Include="Game\Field.h">
      <Filter>Game</Filter>
    </ClInclude>
    <ClInclude Include="System\ObjectBase.h">
      <Filter>System</Filter>
    </ClInclude>
    <ClInclude Include="System\Task.h">
      <Filter>System</Filter>
    </ClInclude>
    <ClInclude Include="System\TaskManager.h">
      <Filter>System</Filter>
    </ClInclude>
    <ClInclude Include="Game\EnemyManager.h">
      <Filter>Game</Filter>
    </ClInclude>
    <ClInclude Include="System\StarBase.h">
      <Filter>System</Filter>
    </ClInclude>
    <ClInclude Include="UI\Score.h">
      <Filter>UI</Filter>
    </ClInclude>
    <ClInclude Include="Game\Constellation.h">
      <Filter>Game</Filter>
    </ClInclude>
    <ClInclude Include="Game\Constellation_Star.h">
      <Filter>Game</Filter>
    </ClInclude>
    <ClInclude Include="Game\SterManager.h">
      <Filter>Game</Filter>
    </ClInclude>
    <ClInclude Include="Game\NomalManager.h">
      <Filter>Game</Filter>
    </ClInclude>
    <ClInclude Include="Game\Nomal.h">
      <Filter>Game</Filter>
    </ClInclude>
  </ItemGroup>
  <ItemGroup>
    <ClCompile Include="main.cpp" />
    <ClCompile Include="Game\Player.cpp">
      <Filter>Game</Filter>
    </ClCompile>
    <ClCompile Include="Game\Enemy.cpp">
      <Filter>Game</Filter>
    </ClCompile>
    <ClCompile Include="Game\Field.cpp">
      <Filter>Game</Filter>
    </ClCompile>
    <ClCompile Include="System\ObjectBase.cpp">
      <Filter>System</Filter>
    </ClCompile>
    <ClCompile Include="System\Task.cpp">
      <Filter>System</Filter>
    </ClCompile>
    <ClCompile Include="System\TaskManager.cpp">
      <Filter>System</Filter>
    </ClCompile>
    <ClCompile Include="Game\EnemyManager.cpp">
      <Filter>Game</Filter>
    </ClCompile>
    <ClCompile Include="System\StarBase.cpp">
      <Filter>System</Filter>
    </ClCompile>
    <ClCompile Include="UI\Score.cpp">
      <Filter>UI</Filter>
    </ClCompile>
    <ClCompile Include="Game\Constellation.cpp">
      <Filter>Game</Filter>
    </ClCompile>
    <ClCompile Include="Game\Constellation_Star.cpp">
      <Filter>Game</Filter>
    </ClCompile>
    <ClCompile Include="Game\SterManager.cpp">
      <Filter>Game</Filter>
    </ClCompile>
    <ClCompile Include="Game\NomalManager.cpp">
      <Filter>Game</Filter>
    </ClCompile>
    <ClCompile Include="Game\Nomal.cpp">
      <Filter>Game</Filter>
    </ClCompile>
  </ItemGroup>
  <ItemGroup>
    <Filter Include="Base">
      <UniqueIdentifier>{c59a2ac6-8d30-4f2b-967c-5051834bfdf4}</UniqueIdentifier>
    </Filter>
    <Filter Include="Game">
      <UniqueIdentifier>{3ee1de57-f6cf-4383-a79e-7a4ebf0737b9}</UniqueIdentifier>
    </Filter>
    <Filter Include="System">
      <UniqueIdentifier>{e6007379-cac4-4af6-871c-09fc40b7e098}</UniqueIdentifier>
    </Filter>
    <Filter Include="UI">
      <UniqueIdentifier>{7693cdd7-d93a-4197-a02b-26a45db512c0}</UniqueIdentifier>
    </Filter>
  </ItemGroup>
</Project>